
Microsoft Visual Studio Solution File, Format Version 12.00
# Visual Studio Version 17
VisualStudioVersion = 17.0.31919.166
MinimumVisualStudioVersion = 10.0.40219.1
Project("{8BC9CEB8-8B4A-11D0-8D11-00A0C91BC942}") = "Chapter5P154", "Chapter5P154\Chapter5P154.vcxproj", "{5DF6F730-7822-4E09-AC48-C31193C02CD5}"
EndProject
Project("{8BC9CEB8-8B4A-11D0-8D11-00A0C91BC942}") = "Chapter5P159", "Chapter5P159\Chapter5P159.vcxproj", "{C994A029-A324-4124-B3D0-C9871C56235C}"
EndProject
Project("{8BC9CEB8-8B4A-11D0-8D11-00A0C91BC942}") = "Chapter5P169", "Chapter5P169\Chapter5P169.vcxproj", "{BD044C9C-FFC4-4791-A9A4-92F607006987}"
EndProject
Project("{8BC9CEB8-8B4A-11D0-8D11-00A0C91BC942}") = "Chapter5P179", "Chapter5P179\Chapter5P179.vcxproj", "{B6071D28-E3B1-4CE6-BD63-E4AB58461273}"
EndProject
Global
	GlobalSection(SolutionConfigurationPlatforms) = preSolution
		Debug|Any CPU = Debug|Any CPU
		Debug|x64 = Debug|x64
		Debug|x86 = Debug|x86
		Release|Any CPU = Release|Any CPU
		Release|x64 = Release|x64
		Release|x86 = Release|x86
	EndGlobalSection
	GlobalSection(ProjectConfigurationPlatforms) = postSolution
		{5DF6F730-7822-4E09-AC48-C31193C02CD5}.Debug|Any CPU.ActiveCfg = Debug|Win32
		{5DF6F730-7822-4E09-AC48-C31193C02CD5}.Debug|x64.ActiveCfg = Debug|x64
		{5DF6F730-7822-4E09-AC48-C31193C02CD5}.Debug|x64.Build.0 = Debug|x64
		{5DF6F730-7822-4E09-AC48-C31193C02CD5}.Debug|x86.ActiveCfg = Debug|Win32
		{5DF6F730-7822-4E09-AC48-C31193C02CD5}.Debug|x86.Build.0 = Debug|Win32
		{5DF6F730-7822-4E09-AC48-C31193C02CD5}.Release|Any CPU.ActiveCfg = Release|Win32
		{5DF6F730-7822-4E09-AC48-C31193C02CD5}.Release|x64.ActiveCfg = Release|x64
		{5DF6F730-7822-4E09-AC48-C31193C02CD5}.Release|x64.Build.0 = Release|x64
		{5DF6F730-7822-4E09-AC48-C31193C02CD5}.Release|x86.ActiveCfg = Release|Win32
		{5DF6F730-7822-4E09-AC48-C31193C02CD5}.Release|x86.Build.0 = Release|Win32
		{C994A029-A324-4124-B3D0-C9871C56235C}.Debug|Any CPU.ActiveCfg = Debug|Win32
		{C994A029-A324-4124-B3D0-C9871C56235C}.Debug|x64.ActiveCfg = Debug|x64
		{C994A029-A324-4124-B3D0-C9871C56235C}.Debug|x64.Build.0 = Debug|x64
		{C994A029-A324-4124-B3D0-C9871C56235C}.Debug|x86.ActiveCfg = Debug|Win32
		{C994A029-A324-4124-B3D0-C9871C56235C}.Debug|x86.Build.0 = Debug|Win32
		{C994A029-A324-4124-B3D0-C9871C56235C}.Release|Any CPU.ActiveCfg = Release|Win32
		{C994A029-A324-4124-B3D0-C9871C56235C}.Release|x64.ActiveCfg = Release|x64
		{C994A029-A324-4124-B3D0-C9871C56235C}.Release|x64.Build.0 = Release|x64
		{C994A029-A324-4124-B3D0-C9871C56235C}.Release|x86.ActiveCfg = Release|Win32
		{C994A029-A324-4124-B3D0-C9871C56235C}.Release|x86.Build.0 = Release|Win32
		{BD044C9C-FFC4-4791-A9A4-92F607006987}.Debug|Any CPU.ActiveCfg = Debug|Win32
		{BD044C9C-FFC4-4791-A9A4-92F607006987}.Debug|x64.ActiveCfg = Debug|x64
		{BD044C9C-FFC4-4791-A9A4-92F607006987}.Debug|x64.Build.0 = Debug|x64
		{BD044C9C-FFC4-4791-A9A4-92F607006987}.Debug|x86.ActiveCfg = Debug|Win32
		{BD044C9C-FFC4-4791-A9A4-92F607006987}.Debug|x86.Build.0 = Debug|Win32
		{BD044C9C-FFC4-4791-A9A4-92F607006987}.Release|Any CPU.ActiveCfg = Release|Win32
		{BD044C9C-FFC4-4791-A9A4-92F607006987}.Release|x64.ActiveCfg = Release|x64
		{BD044C9C-FFC4-4791-A9A4-92F607006987}.Release|x64.Build.0 = Release|x64
		{BD044C9C-FFC4-4791-A9A4-92F607006987}.Release|x86.ActiveCfg = Release|Win32
		{BD044C9C-FFC4-4791-A9A4-92F607006987}.Release|x86.Build.0 = Release|Win32
		{B6071D28-E3B1-4CE6-BD63-E4AB58461273}.Debug|Any CPU.ActiveCfg = Debug|x64
		{B6071D28-E3B1-4CE6-BD63-E4AB58461273}.Debug|Any CPU.Build.0 = Debug|x64
		{B6071D28-E3B1-4CE6-BD63-E4AB58461273}.Debug|x64.ActiveCfg = Debug|x64
		{B6071D28-E3B1-4CE6-BD63-E4AB58461273}.Debug|x64.Build.0 = Debug|x64
		{B6071D28-E3B1-4CE6-BD63-E4AB58461273}.Debug|x86.ActiveCfg = Debug|Win32
		{B6071D28-E3B1-4CE6-BD63-E4AB58461273}.Debug|x86.Build.0 = Debug|Win32
		{B6071D28-E3B1-4CE6-BD63-E4AB58461273}.Release|Any CPU.ActiveCfg = Release|x64
		{B6071D28-E3B1-4CE6-BD63-E4AB58461273}.Release|Any CPU.Build.0 = Release|x64
		{B6071D28-E3B1-4CE6-BD63-E4AB58461273}.Release|x64.ActiveCfg = Release|x64
		{B6071D28-E3B1-4CE6-BD63-E4AB58461273}.Release|x64.Build.0 = Release|x64
		{B6071D28-E3B1-4CE6-BD63-E4AB58461273}.Release|x86.ActiveCfg = Release|Win32
		{B6071D28-E3B1-4CE6-BD63-E4AB58461273}.Release|x86.Build.0 = Release|Win32
	EndGlobalSection
	GlobalSection(SolutionProperties) = preSolution
		HideSolutionNode = FALSE
	EndGlobalSection
	GlobalSection(ExtensibilityGlobals) = postSolution
		SolutionGuid = {F7EADD29-CFED-4EA7-9F97-1A2D0521AC22}
	EndGlobalSection
EndGlobal
